
Microsoft Visual Studio Solution File, Format Version 12.00
# Visual Studio Version 17
VisualStudioVersion = 17.14.36414.22 d17.14
MinimumVisualStudioVersion = 10.0.40219.1
Project("{FAE04EC0-301F-11D3-BF4B-00C04F79EFBC}") = "ECommerce", "ECommerce\ECommerce.csproj", "{09F946F8-602E-4DCD-8431-F60D8FEB3A6F}"
EndProject
Project("{2150E333-8FDC-42A3-9474-1A3956D46DE8}") = "ECommerceAPI", "ECommerceAPI", "{02EA681E-C7D8-13C7-8484-4AC65E1B71E8}"
EndProject
Project("{2150E333-8FDC-42A3-9474-1A3956D46DE8}") = "ECommerceApplication", "ECommerceApplication", "{BD75916B-8F6A-44FA-BCAD-2FA1F5575AD1}"
EndProject
Project("{2150E333-8FDC-42A3-9474-1A3956D46DE8}") = "ECommerceInfrastructure", "ECommerceInfrastructure", "{870BF66E-449E-4428-AE85-F636E28FAEE5}"
EndProject
Project("{FAE04EC0-301F-11D3-BF4B-00C04F79EFBC}") = "ECommerceApplication", "ECommerceApplication\ECommerceApplication.csproj", "{784B1BD3-7AA7-495B-AFA0-80BD4E1815AA}"
EndProject
Project("{FAE04EC0-301F-11D3-BF4B-00C04F79EFBC}") = "ECommerceInfrastructure", "ECommerceInfrastructure\ECommerceInfrastructure.csproj", "{68C0A0FB-9B80-4F8D-8304-46C97E06EF47}"
EndProject
Global
	GlobalSection(SolutionConfigurationPlatforms) = preSolution
		Debug|Any CPU = Debug|Any CPU
		Release|Any CPU = Release|Any CPU
	EndGlobalSection
	GlobalSection(ProjectConfigurationPlatforms) = postSolution
		{09F946F8-602E-4DCD-8431-F60D8FEB3A6F}.Debug|Any CPU.ActiveCfg = Debug|Any CPU
		{09F946F8-602E-4DCD-8431-F60D8FEB3A6F}.Debug|Any CPU.Build.0 = Debug|Any CPU
		{09F946F8-602E-4DCD-8431-F60D8FEB3A6F}.Release|Any CPU.ActiveCfg = Release|Any CPU
		{09F946F8-602E-4DCD-8431-F60D8FEB3A6F}.Release|Any CPU.Build.0 = Release|Any CPU
		{784B1BD3-7AA7-495B-AFA0-80BD4E1815AA}.Debug|Any CPU.ActiveCfg = Debug|Any CPU
		{784B1BD3-7AA7-495B-AFA0-80BD4E1815AA}.Debug|Any CPU.Build.0 = Debug|Any CPU
		{784B1BD3-7AA7-495B-AFA0-80BD4E1815AA}.Release|Any CPU.ActiveCfg = Release|Any CPU
		{784B1BD3-7AA7-495B-AFA0-80BD4E1815AA}.Release|Any CPU.Build.0 = Release|Any CPU
		{68C0A0FB-9B80-4F8D-8304-46C97E06EF47}.Debug|Any CPU.ActiveCfg = Debug|Any CPU
		{68C0A0FB-9B80-4F8D-8304-46C97E06EF47}.Debug|Any CPU.Build.0 = Debug|Any CPU
		{68C0A0FB-9B80-4F8D-8304-46C97E06EF47}.Release|Any CPU.ActiveCfg = Release|Any CPU
		{68C0A0FB-9B80-4F8D-8304-46C97E06EF47}.Release|Any CPU.Build.0 = Release|Any CPU
	EndGlobalSection
	GlobalSection(SolutionProperties) = preSolution
		HideSolutionNode = FALSE
	EndGlobalSection
	GlobalSection(NestedProjects) = preSolution
		{09F946F8-602E-4DCD-8431-F60D8FEB3A6F} = {02EA681E-C7D8-13C7-8484-4AC65E1B71E8}
		{784B1BD3-7AA7-495B-AFA0-80BD4E1815AA} = {BD75916B-8F6A-44FA-BCAD-2FA1F5575AD1}
		{68C0A0FB-9B80-4F8D-8304-46C97E06EF47} = {870BF66E-449E-4428-AE85-F636E28FAEE5}
	EndGlobalSection
	GlobalSection(ExtensibilityGlobals) = postSolution
		SolutionGuid = {9745656C-5570-4C5B-BE50-0E39BFBB568C}
	EndGlobalSection
EndGlobal
